
Microsoft Visual Studio Solution File, Format Version 12.00
# Visual Studio Version 17
VisualStudioVersion = 17.14.37012.4 d17.14
MinimumVisualStudioVersion = 10.0.40219.1
Project("{FAE04EC0-301F-11D3-BF4B-00C04F79EFBC}") = "WPF App1", "WPF App1.csproj", "{298B3212-C8AA-4BFC-8CEF-555A9FCE5BAC}"
EndProject
Global
	GlobalSection(SolutionConfigurationPlatforms) = preSolution
		Debug|Any CPU = Debug|Any CPU
		Release|Any CPU = Release|Any CPU
	EndGlobalSection
	GlobalSection(ProjectConfigurationPlatforms) = postSolution
		{298B3212-C8AA-4BFC-8CEF-555A9FCE5BAC}.Debug|Any CPU.ActiveCfg = Debug|Any CPU
		{298B3212-C8AA-4BFC-8CEF-555A9FCE5BAC}.Debug|Any CPU.Build.0 = Debug|Any CPU
		{298B3212-C8AA-4BFC-8CEF-555A9FCE5BAC}.Release|Any CPU.ActiveCfg = Release|Any CPU
		{298B3212-C8AA-4BFC-8CEF-555A9FCE5BAC}.Release|Any CPU.Build.0 = Release|Any CPU
	EndGlobalSection
	GlobalSection(SolutionProperties) = preSolution
		HideSolutionNode = FALSE
	EndGlobalSection
	GlobalSection(ExtensibilityGlobals) = postSolution
		SolutionGuid = {296147C3-127D-467D-9101-E68F4791E86E}
	EndGlobalSection
EndGlobal
